
Microsoft Visual Studio Solution File, Format Version 12.00
# Visual Studio Version 16
VisualStudioVersion = 16.0.30717.126
MinimumVisualStudioVersion = 10.0.40219.1
Project("{FAE04EC0-301F-11D3-BF4B-00C04F79EFBC}") = "GoJSDemo", "GoJSDemo\GoJSDemo.csproj", "{BC6E350D-77EF-496D-BF7F-DB9C49D7F3B0}"
EndProject
Global
	GlobalSection(SolutionConfigurationPlatforms) = preSolution
		Debug|Any CPU = Debug|Any CPU
		Release|Any CPU = Release|Any CPU
	EndGlobalSection
	GlobalSection(ProjectConfigurationPlatforms) = postSolution
		{BC6E350D-77EF-496D-BF7F-DB9C49D7F3B0}.Debug|Any CPU.ActiveCfg = Debug|Any CPU
		{BC6E350D-77EF-496D-BF7F-DB9C49D7F3B0}.Debug|Any CPU.Build.0 = Debug|Any CPU
		{BC6E350D-77EF-496D-BF7F-DB9C49D7F3B0}.Release|Any CPU.ActiveCfg = Release|Any CPU
		{BC6E350D-77EF-496D-BF7F-DB9C49D7F3B0}.Release|Any CPU.Build.0 = Release|Any CPU
	EndGlobalSection
	GlobalSection(SolutionProperties) = preSolution
		HideSolutionNode = FALSE
	EndGlobalSection
	GlobalSection(ExtensibilityGlobals) = postSolution
		SolutionGuid = {3626A63C-528A-4424-9091-EF5705E1C41C}
	EndGlobalSection
EndGlobal
